
Microsoft Visual Studio Solution File, Format Version 12.00
# Visual Studio 15
Project("{FAE04EC0-301F-11D3-BF4B-00C04F79EFBC}") = "INotify.Android", "INotify.Android\INotify.Android.csproj", "{53CDD5CD-3682-4B72-AD0E-CFB426BF61D1}"
EndProject
Project("{FAE04EC0-301F-11D3-BF4B-00C04F79EFBC}") = "INotify.iOS", "INotify.iOS\INotify.iOS.csproj", "{C6B3FF18-F591-481A-96A7-C0848D94AAE6}"
EndProject
Project("{FAE04EC0-301F-11D3-BF4B-00C04F79EFBC}") = "INotify", "INotify\INotify.csproj", "{6CBFA02F-655E-474D-8E20-356A724B3B44}"
EndProject
Global
	GlobalSection(SolutionConfigurationPlatforms) = preSolution
		Debug|Any CPU = Debug|Any CPU
		Release|Any CPU = Release|Any CPU
		Debug|iPhoneSimulator = Debug|iPhoneSimulator
		Release|iPhoneSimulator = Release|iPhoneSimulator
		Debug|iPhone = Debug|iPhone
		Release|iPhone = Release|iPhone
	EndGlobalSection
	GlobalSection(ProjectConfigurationPlatforms) = postSolution
		{53CDD5CD-3682-4B72-AD0E-CFB426BF61D1}.Debug|Any CPU.ActiveCfg = Debug|Any CPU
		{53CDD5CD-3682-4B72-AD0E-CFB426BF61D1}.Debug|Any CPU.Build.0 = Debug|Any CPU
		{53CDD5CD-3682-4B72-AD0E-CFB426BF61D1}.Release|Any CPU.ActiveCfg = Release|Any CPU
		{53CDD5CD-3682-4B72-AD0E-CFB426BF61D1}.Release|Any CPU.Build.0 = Release|Any CPU
		{53CDD5CD-3682-4B72-AD0E-CFB426BF61D1}.Debug|iPhoneSimulator.ActiveCfg = Debug|Any CPU
		{53CDD5CD-3682-4B72-AD0E-CFB426BF61D1}.Debug|iPhoneSimulator.Build.0 = Debug|Any CPU
		{53CDD5CD-3682-4B72-AD0E-CFB426BF61D1}.Release|iPhoneSimulator.ActiveCfg = Release|Any CPU
		{53CDD5CD-3682-4B72-AD0E-CFB426BF61D1}.Release|iPhoneSimulator.Build.0 = Release|Any CPU
		{53CDD5CD-3682-4B72-AD0E-CFB426BF61D1}.Debug|iPhone.ActiveCfg = Debug|Any CPU
		{53CDD5CD-3682-4B72-AD0E-CFB426BF61D1}.Debug|iPhone.Build.0 = Debug|Any CPU
		{53CDD5CD-3682-4B72-AD0E-CFB426BF61D1}.Release|iPhone.ActiveCfg = Release|Any CPU
		{53CDD5CD-3682-4B72-AD0E-CFB426BF61D1}.Release|iPhone.Build.0 = Release|Any CPU
		{C6B3FF18-F591-481A-96A7-C0848D94AAE6}.Debug|Any CPU.ActiveCfg = Debug|iPhoneSimulator
		{C6B3FF18-F591-481A-96A7-C0848D94AAE6}.Debug|Any CPU.Build.0 = Debug|iPhoneSimulator
		{C6B3FF18-F591-481A-96A7-C0848D94AAE6}.Release|Any CPU.ActiveCfg = Release|iPhoneSimulator
		{C6B3FF18-F591-481A-96A7-C0848D94AAE6}.Release|Any CPU.Build.0 = Release|iPhoneSimulator
		{C6B3FF18-F591-481A-96A7-C0848D94AAE6}.Debug|iPhoneSimulator.ActiveCfg = Debug|iPhoneSimulator
		{C6B3FF18-F591-481A-96A7-C0848D94AAE6}.Debug|iPhoneSimulator.Build.0 = Debug|iPhoneSimulator
		{C6B3FF18-F591-481A-96A7-C0848D94AAE6}.Release|iPhoneSimulator.ActiveCfg = Release|iPhoneSimulator
		{C6B3FF18-F591-481A-96A7-C0848D94AAE6}.Release|iPhoneSimulator.Build.0 = Release|iPhoneSimulator
		{C6B3FF18-F591-481A-96A7-C0848D94AAE6}.Debug|iPhone.ActiveCfg = Debug|iPhone
		{C6B3FF18-F591-481A-96A7-C0848D94AAE6}.Debug|iPhone.Build.0 = Debug|iPhone
		{C6B3FF18-F591-481A-96A7-C0848D94AAE6}.Release|iPhone.ActiveCfg = Release|iPhone
		{C6B3FF18-F591-481A-96A7-C0848D94AAE6}.Release|iPhone.Build.0 = Release|iPhone
		{6CBFA02F-655E-474D-8E20-356A724B3B44}.Debug|Any CPU.ActiveCfg = Debug|Any CPU
		{6CBFA02F-655E-474D-8E20-356A724B3B44}.Debug|Any CPU.Build.0 = Debug|Any CPU
		{6CBFA02F-655E-474D-8E20-356A724B3B44}.Release|Any CPU.ActiveCfg = Release|Any CPU
		{6CBFA02F-655E-474D-8E20-356A724B3B44}.Release|Any CPU.Build.0 = Release|Any CPU
		{6CBFA02F-655E-474D-8E20-356A724B3B44}.Debug|iPhoneSimulator.ActiveCfg = Debug|Any CPU
		{6CBFA02F-655E-474D-8E20-356A724B3B44}.Debug|iPhoneSimulator.Build.0 = Debug|Any CPU
		{6CBFA02F-655E-474D-8E20-356A724B3B44}.Release|iPhoneSimulator.ActiveCfg = Release|Any CPU
		{6CBFA02F-655E-474D-8E20-356A724B3B44}.Release|iPhoneSimulator.Build.0 = Release|Any CPU
		{6CBFA02F-655E-474D-8E20-356A724B3B44}.Debug|iPhone.ActiveCfg = Debug|Any CPU
		{6CBFA02F-655E-474D-8E20-356A724B3B44}.Debug|iPhone.Build.0 = Debug|Any CPU
		{6CBFA02F-655E-474D-8E20-356A724B3B44}.Release|iPhone.ActiveCfg = Release|Any CPU
		{6CBFA02F-655E-474D-8E20-356A724B3B44}.Release|iPhone.Build.0 = Release|Any CPU
	EndGlobalSection
EndGlobal
